
Microsoft Visual Studio Solution File, Format Version 12.00
# Visual Studio 15
VisualStudioVersion = 15.0.26730.12
MinimumVisualStudioVersion = 10.0.40219.1
Project("{8BC9CEB8-8B4A-11D0-8D11-00A0C91BC942}") = "Algos_01_03", "Algos_01_03\Algos_01_03.vcxproj", "{2A623EB8-949D-430F-99A0-8379E937016E}"
EndProject
Global
	GlobalSection(SolutionConfigurationPlatforms) = preSolution
		Debug|x64 = Debug|x64
		Debug|x86 = Debug|x86
		Release|x64 = Release|x64
		Release|x86 = Release|x86
	EndGlobalSection
	GlobalSection(ProjectConfigurationPlatforms) = postSolution
		{2A623EB8-949D-430F-99A0-8379E937016E}.Debug|x64.ActiveCfg = Debug|x64
		{2A623EB8-949D-430F-99A0-8379E937016E}.Debug|x64.Build.0 = Debug|x64
		{2A623EB8-949D-430F-99A0-8379E937016E}.Debug|x86.ActiveCfg = Debug|Win32
		{2A623EB8-949D-430F-99A0-8379E937016E}.Debug|x86.Build.0 = Debug|Win32
		{2A623EB8-949D-430F-99A0-8379E937016E}.Release|x64.ActiveCfg = Release|x64
		{2A623EB8-949D-430F-99A0-8379E937016E}.Release|x64.Build.0 = Release|x64
		{2A623EB8-949D-430F-99A0-8379E937016E}.Release|x86.ActiveCfg = Release|Win32
		{2A623EB8-949D-430F-99A0-8379E937016E}.Release|x86.Build.0 = Release|Win32
	EndGlobalSection
	GlobalSection(SolutionProperties) = preSolution
		HideSolutionNode = FALSE
	EndGlobalSection
	GlobalSection(ExtensibilityGlobals) = postSolution
		SolutionGuid = {F988E9B1-F1D3-4B8C-8E44-4BFEE790A6C1}
	EndGlobalSection
EndGlobal
